
Microsoft Visual Studio Solution File, Format Version 12.00
# Visual Studio 14
VisualStudioVersion = 14.0.24720.0
MinimumVisualStudioVersion = 10.0.40219.1
Project("{FAE04EC0-301F-11D3-BF4B-00C04F79EFBC}") = "Xamarin4HackApp.Droid", "Xamarin4HackApp\Xamarin4HackApp.Droid\Xamarin4HackApp.Droid.csproj", "{12DCDA30-CCB1-4EA2-BF1C-C493BDDB609D}"
EndProject
Project("{FAE04EC0-301F-11D3-BF4B-00C04F79EFBC}") = "Xamarin4HackApp.iOS", "Xamarin4HackApp\Xamarin4HackApp.iOS\Xamarin4HackApp.iOS.csproj", "{DE8B6A14-CDD1-406D-8768-6DFEC6B9CC95}"
EndProject
Project("{FAE04EC0-301F-11D3-BF4B-00C04F79EFBC}") = "Xamarin4HackApp.WinPhone", "Xamarin4HackApp\Xamarin4HackApp.WinPhone\Xamarin4HackApp.WinPhone.csproj", "{2677AF6B-5543-4732-B408-4F0FF9006227}"
EndProject
Project("{D954291E-2A0B-460D-934E-DC6B0785DB48}") = "Xamarin4HackApp", "Xamarin4HackApp\Xamarin4HackApp\Xamarin4HackApp.shproj", "{6502D9CE-9249-4AFD-AED6-8D92335FA2DB}"
EndProject
Global
	GlobalSection(SharedMSBuildProjectFiles) = preSolution
		Xamarin4HackApp\Xamarin4HackApp\Xamarin4HackApp.projitems*{6502d9ce-9249-4afd-aed6-8d92335fa2db}*SharedItemsImports = 13
	EndGlobalSection
	GlobalSection(SolutionConfigurationPlatforms) = preSolution
		Ad-Hoc|Any CPU = Ad-Hoc|Any CPU
		Ad-Hoc|ARM = Ad-Hoc|ARM
		Ad-Hoc|iPhone = Ad-Hoc|iPhone
		Ad-Hoc|iPhoneSimulator = Ad-Hoc|iPhoneSimulator
		Ad-Hoc|x86 = Ad-Hoc|x86
		AppStore|Any CPU = AppStore|Any CPU
		AppStore|ARM = AppStore|ARM
		AppStore|iPhone = AppStore|iPhone
		AppStore|iPhoneSimulator = AppStore|iPhoneSimulator
		AppStore|x86 = AppStore|x86
		Debug|Any CPU = Debug|Any CPU
		Debug|ARM = Debug|ARM
		Debug|iPhone = Debug|iPhone
		Debug|iPhoneSimulator = Debug|iPhoneSimulator
		Debug|x86 = Debug|x86
		Release|Any CPU = Release|Any CPU
		Release|ARM = Release|ARM
		Release|iPhone = Release|iPhone
		Release|iPhoneSimulator = Release|iPhoneSimulator
		Release|x86 = Release|x86
	EndGlobalSection
	GlobalSection(ProjectConfigurationPlatforms) = postSolution
		{12DCDA30-CCB1-4EA2-BF1C-C493BDDB609D}.Ad-Hoc|Any CPU.ActiveCfg = Release|Any CPU
		{12DCDA30-CCB1-4EA2-BF1C-C493BDDB609D}.Ad-Hoc|Any CPU.Build.0 = Release|Any CPU
		{12DCDA30-CCB1-4EA2-BF1C-C493BDDB609D}.Ad-Hoc|Any CPU.Deploy.0 = Release|Any CPU
		{12DCDA30-CCB1-4EA2-BF1C-C493BDDB609D}.Ad-Hoc|ARM.ActiveCfg = Release|Any CPU
		{12DCDA30-CCB1-4EA2-BF1C-C493BDDB609D}.Ad-Hoc|ARM.Build.0 = Release|Any CPU
		{12DCDA30-CCB1-4EA2-BF1C-C493BDDB609D}.Ad-Hoc|ARM.Deploy.0 = Release|Any CPU
		{12DCDA30-CCB1-4EA2-BF1C-C493BDDB609D}.Ad-Hoc|iPhone.ActiveCfg = Release|Any CPU
		{12DCDA30-CCB1-4EA2-BF1C-C493BDDB609D}.Ad-Hoc|iPhone.Build.0 = Release|Any CPU
		{12DCDA30-CCB1-4EA2-BF1C-C493BDDB609D}.Ad-Hoc|iPhone.Deploy.0 = Release|Any CPU
		{12DCDA30-CCB1-4EA2-BF1C-C493BDDB609D}.Ad-Hoc|iPhoneSimulator.ActiveCfg = Release|Any CPU
		{12DCDA30-CCB1-4EA2-BF1C-C493BDDB609D}.Ad-Hoc|iPhoneSimulator.Build.0 = Release|Any CPU
		{12DCDA30-CCB1-4EA2-BF1C-C493BDDB609D}.Ad-Hoc|iPhoneSimulator.Deploy.0 = Release|Any CPU
		{12DCDA30-CCB1-4EA2-BF1C-C493BDDB609D}.Ad-Hoc|x86.ActiveCfg = Release|Any CPU
		{12DCDA30-CCB1-4EA2-BF1C-C493BDDB609D}.Ad-Hoc|x86.Build.0 = Release|Any CPU
		{12DCDA30-CCB1-4EA2-BF1C-C493BDDB609D}.Ad-Hoc|x86.Deploy.0 = Release|Any CPU
		{12DCDA30-CCB1-4EA2-BF1C-C493BDDB609D}.AppStore|Any CPU.ActiveCfg = Release|Any CPU
		{12DCDA30-CCB1-4EA2-BF1C-C493BDDB609D}.AppStore|Any CPU.Build.0 = Release|Any CPU
		{12DCDA30-CCB1-4EA2-BF1C-C493BDDB609D}.AppStore|Any CPU.Deploy.0 = Release|Any CPU
		{12DCDA30-CCB1-4EA2-BF1C-C493BDDB609D}.AppStore|ARM.ActiveCfg = Release|Any CPU
		{12DCDA30-CCB1-4EA2-BF1C-C493BDDB609D}.AppStore|ARM.Build.0 = Release|Any CPU
		{12DCDA30-CCB1-4EA2-BF1C-C493BDDB609D}.AppStore|ARM.Deploy.0 = Release|Any CPU
		{12DCDA30-CCB1-4EA2-BF1C-C493BDDB609D}.AppStore|iPhone.ActiveCfg = Release|Any CPU
		{12DCDA30-CCB1-4EA2-BF1C-C493BDDB609D}.AppStore|iPhone.Build.0 = Release|Any CPU
		{12DCDA30-CCB1-4EA2-BF1C-C493BDDB609D}.AppStore|iPhone.Deploy.0 = Release|Any CPU
		{12DCDA30-CCB1-4EA2-BF1C-C493BDDB609D}.AppStore|iPhoneSimulator.ActiveCfg = Release|Any CPU
		{12DCDA30-CCB1-4EA2-BF1C-C493BDDB609D}.AppStore|iPhoneSimulator.Build.0 = Release|Any CPU
		{12DCDA30-CCB1-4EA2-BF1C-C493BDDB609D}.AppStore|iPhoneSimulator.Deploy.0 = Release|Any CPU
		{12DCDA30-CCB1-4EA2-BF1C-C493BDDB609D}.AppStore|x86.ActiveCfg = Release|Any CPU
		{12DCDA30-CCB1-4EA2-BF1C-C493BDDB609D}.AppStore|x86.Build.0 = Release|Any CPU
		{12DCDA30-CCB1-4EA2-BF1C-C493BDDB609D}.AppStore|x86.Deploy.0 = Release|Any CPU
		{12DCDA30-CCB1-4EA2-BF1C-C493BDDB609D}.Debug|Any CPU.ActiveCfg = Debug|Any CPU
		{12DCDA30-CCB1-4EA2-BF1C-C493BDDB609D}.Debug|Any CPU.Build.0 = Debug|Any CPU
		{12DCDA30-CCB1-4EA2-BF1C-C493BDDB609D}.Debug|Any CPU.Deploy.0 = Debug|Any CPU
		{12DCDA30-CCB1-4EA2-BF1C-C493BDDB609D}.Debug|ARM.ActiveCfg = Debug|Any CPU
		{12DCDA30-CCB1-4EA2-BF1C-C493BDDB609D}.Debug|ARM.Build.0 = Debug|Any CPU
		{12DCDA30-CCB1-4EA2-BF1C-C493BDDB609D}.Debug|ARM.Deploy.0 = Debug|Any CPU
		{12DCDA30-CCB1-4EA2-BF1C-C493BDDB609D}.Debug|iPhone.ActiveCfg = Debug|Any CPU
		{12DCDA30-CCB1-4EA2-BF1C-C493BDDB609D}.Debug|iPhone.Build.0 = Debug|Any CPU
		{12DCDA30-CCB1-4EA2-BF1C-C493BDDB609D}.Debug|iPhone.Deploy.0 = Debug|Any CPU
		{12DCDA30-CCB1-4EA2-BF1C-C493BDDB609D}.Debug|iPhoneSimulator.ActiveCfg = Debug|Any CPU
		{12DCDA30-CCB1-4EA2-BF1C-C493BDDB609D}.Debug|iPhoneSimulator.Build.0 = Debug|Any CPU
		{12DCDA30-CCB1-4EA2-BF1C-C493BDDB609D}.Debug|iPhoneSimulator.Deploy.0 = Debug|Any CPU
		{12DCDA30-CCB1-4EA2-BF1C-C493BDDB609D}.Debug|x86.ActiveCfg = Debug|Any CPU
		{12DCDA30-CCB1-4EA2-BF1C-C493BDDB609D}.Debug|x86.Build.0 = Debug|Any CPU
		{12DCDA30-CCB1-4EA2-BF1C-C493BDDB609D}.Debug|x86.Deploy.0 = Debug|Any CPU
		{12DCDA30-CCB1-4EA2-BF1C-C493BDDB609D}.Release|Any CPU.ActiveCfg = Release|Any CPU
		{12DCDA30-CCB1-4EA2-BF1C-C493BDDB609D}.Release|Any CPU.Build.0 = Release|Any CPU
		{12DCDA30-CCB1-4EA2-BF1C-C493BDDB609D}.Release|Any CPU.Deploy.0 = Release|Any CPU
		{12DCDA30-CCB1-4EA2-BF1C-C493BDDB609D}.Release|ARM.ActiveCfg = Release|Any CPU
		{12DCDA30-CCB1-4EA2-BF1C-C493BDDB609D}.Release|ARM.Build.0 = Release|Any CPU
		{12DCDA30-CCB1-4EA2-BF1C-C493BDDB609D}.Release|ARM.Deploy.0 = Release|Any CPU
		{12DCDA30-CCB1-4EA2-BF1C-C493BDDB609D}.Release|iPhone.ActiveCfg = Release|Any CPU
		{12DCDA30-CCB1-4EA2-BF1C-C493BDDB609D}.Release|iPhone.Build.0 = Release|Any CPU
		{12DCDA30-CCB1-4EA2-BF1C-C493BDDB609D}.Release|iPhone.Deploy.0 = Release|Any CPU
		{12DCDA30-CCB1-4EA2-BF1C-C493BDDB609D}.Release|iPhoneSimulator.ActiveCfg = Release|Any CPU
		{12DCDA30-CCB1-4EA2-BF1C-C493BDDB609D}.Release|iPhoneSimulator.Build.0 = Release|Any CPU
		{12DCDA30-CCB1-4EA2-BF1C-C493BDDB609D}.Release|iPhoneSimulator.Deploy.0 = Release|Any CPU
		{12DCDA30-CCB1-4EA2-BF1C-C493BDDB609D}.Release|x86.ActiveCfg = Release|Any CPU
		{12DCDA30-CCB1-4EA2-BF1C-C493BDDB609D}.Release|x86.Build.0 = Release|Any CPU
		{12DCDA30-CCB1-4EA2-BF1C-C493BDDB609D}.Release|x86.Deploy.0 = Release|Any CPU
		{DE8B6A14-CDD1-406D-8768-6DFEC6B9CC95}.Ad-Hoc|Any CPU.ActiveCfg = Ad-Hoc|iPhone
		{DE8B6A14-CDD1-406D-8768-6DFEC6B9CC95}.Ad-Hoc|ARM.ActiveCfg = Ad-Hoc|iPhone
		{DE8B6A14-CDD1-406D-8768-6DFEC6B9CC95}.Ad-Hoc|iPhone.ActiveCfg = Ad-Hoc|iPhone
		{DE8B6A14-CDD1-406D-8768-6DFEC6B9CC95}.Ad-Hoc|iPhone.Build.0 = Ad-Hoc|iPhone
		{DE8B6A14-CDD1-406D-8768-6DFEC6B9CC95}.Ad-Hoc|iPhoneSimulator.ActiveCfg = Ad-Hoc|iPhoneSimulator
		{DE8B6A14-CDD1-406D-8768-6DFEC6B9CC95}.Ad-Hoc|iPhoneSimulator.Build.0 = Ad-Hoc|iPhoneSimulator
		{DE8B6A14-CDD1-406D-8768-6DFEC6B9CC95}.Ad-Hoc|x86.ActiveCfg = Ad-Hoc|iPhone
		{DE8B6A14-CDD1-406D-8768-6DFEC6B9CC95}.AppStore|Any CPU.ActiveCfg = AppStore|iPhone
		{DE8B6A14-CDD1-406D-8768-6DFEC6B9CC95}.AppStore|ARM.ActiveCfg = AppStore|iPhone
		{DE8B6A14-CDD1-406D-8768-6DFEC6B9CC95}.AppStore|iPhone.ActiveCfg = AppStore|iPhone
		{DE8B6A14-CDD1-406D-8768-6DFEC6B9CC95}.AppStore|iPhone.Build.0 = AppStore|iPhone
		{DE8B6A14-CDD1-406D-8768-6DFEC6B9CC95}.AppStore|iPhoneSimulator.ActiveCfg = AppStore|iPhoneSimulator
		{DE8B6A14-CDD1-406D-8768-6DFEC6B9CC95}.AppStore|iPhoneSimulator.Build.0 = AppStore|iPhoneSimulator
		{DE8B6A14-CDD1-406D-8768-6DFEC6B9CC95}.AppStore|x86.ActiveCfg = AppStore|iPhone
		{DE8B6A14-CDD1-406D-8768-6DFEC6B9CC95}.Debug|Any CPU.ActiveCfg = Debug|iPhone
		{DE8B6A14-CDD1-406D-8768-6DFEC6B9CC95}.Debug|ARM.ActiveCfg = Debug|iPhone
		{DE8B6A14-CDD1-406D-8768-6DFEC6B9CC95}.Debug|iPhone.ActiveCfg = Debug|iPhone
		{DE8B6A14-CDD1-406D-8768-6DFEC6B9CC95}.Debug|iPhone.Build.0 = Debug|iPhone
		{DE8B6A14-CDD1-406D-8768-6DFEC6B9CC95}.Debug|iPhoneSimulator.ActiveCfg = Debug|iPhoneSimulator
		{DE8B6A14-CDD1-406D-8768-6DFEC6B9CC95}.Debug|iPhoneSimulator.Build.0 = Debug|iPhoneSimulator
		{DE8B6A14-CDD1-406D-8768-6DFEC6B9CC95}.Debug|x86.ActiveCfg = Debug|iPhone
		{DE8B6A14-CDD1-406D-8768-6DFEC6B9CC95}.Release|Any CPU.ActiveCfg = Release|iPhone
		{DE8B6A14-CDD1-406D-8768-6DFEC6B9CC95}.Release|ARM.ActiveCfg = Release|iPhone
		{DE8B6A14-CDD1-406D-8768-6DFEC6B9CC95}.Release|iPhone.ActiveCfg = Release|iPhone
		{DE8B6A14-CDD1-406D-8768-6DFEC6B9CC95}.Release|iPhone.Build.0 = Release|iPhone
		{DE8B6A14-CDD1-406D-8768-6DFEC6B9CC95}.Release|iPhoneSimulator.ActiveCfg = Release|iPhoneSimulator
		{DE8B6A14-CDD1-406D-8768-6DFEC6B9CC95}.Release|iPhoneSimulator.Build.0 = Release|iPhoneSimulator
		{DE8B6A14-CDD1-406D-8768-6DFEC6B9CC95}.Release|x86.ActiveCfg = Release|iPhone
		{2677AF6B-5543-4732-B408-4F0FF9006227}.Ad-Hoc|Any CPU.ActiveCfg = Release|Any CPU
		{2677AF6B-5543-4732-B408-4F0FF9006227}.Ad-Hoc|Any CPU.Build.0 = Release|Any CPU
		{2677AF6B-5543-4732-B408-4F0FF9006227}.Ad-Hoc|Any CPU.Deploy.0 = Release|Any CPU
		{2677AF6B-5543-4732-B408-4F0FF9006227}.Ad-Hoc|ARM.ActiveCfg = Release|ARM
		{2677AF6B-5543-4732-B408-4F0FF9006227}.Ad-Hoc|ARM.Build.0 = Release|ARM
		{2677AF6B-5543-4732-B408-4F0FF9006227}.Ad-Hoc|ARM.Deploy.0 = Release|ARM
		{2677AF6B-5543-4732-B408-4F0FF9006227}.Ad-Hoc|iPhone.ActiveCfg = Release|Any CPU
		{2677AF6B-5543-4732-B408-4F0FF9006227}.Ad-Hoc|iPhone.Build.0 = Release|Any CPU
		{2677AF6B-5543-4732-B408-4F0FF9006227}.Ad-Hoc|iPhone.Deploy.0 = Release|Any CPU
		{2677AF6B-5543-4732-B408-4F0FF9006227}.Ad-Hoc|iPhoneSimulator.ActiveCfg = Release|Any CPU
		{2677AF6B-5543-4732-B408-4F0FF9006227}.Ad-Hoc|iPhoneSimulator.Build.0 = Release|Any CPU
		{2677AF6B-5543-4732-B408-4F0FF9006227}.Ad-Hoc|iPhoneSimulator.Deploy.0 = Release|Any CPU
		{2677AF6B-5543-4732-B408-4F0FF9006227}.Ad-Hoc|x86.ActiveCfg = Release|x86
		{2677AF6B-5543-4732-B408-4F0FF9006227}.Ad-Hoc|x86.Build.0 = Release|x86
		{2677AF6B-5543-4732-B408-4F0FF9006227}.Ad-Hoc|x86.Deploy.0 = Release|x86
		{2677AF6B-5543-4732-B408-4F0FF9006227}.AppStore|Any CPU.ActiveCfg = Release|Any CPU
		{2677AF6B-5543-4732-B408-4F0FF9006227}.AppStore|Any CPU.Build.0 = Release|Any CPU
		{2677AF6B-5543-4732-B408-4F0FF9006227}.AppStore|Any CPU.Deploy.0 = Release|Any CPU
		{2677AF6B-5543-4732-B408-4F0FF9006227}.AppStore|ARM.ActiveCfg = Release|ARM
		{2677AF6B-5543-4732-B408-4F0FF9006227}.AppStore|ARM.Build.0 = Release|ARM
		{2677AF6B-5543-4732-B408-4F0FF9006227}.AppStore|ARM.Deploy.0 = Release|ARM
		{2677AF6B-5543-4732-B408-4F0FF9006227}.AppStore|iPhone.ActiveCfg = Release|Any CPU
		{2677AF6B-5543-4732-B408-4F0FF9006227}.AppStore|iPhone.Build.0 = Release|Any CPU
		{2677AF6B-5543-4732-B408-4F0FF9006227}.AppStore|iPhone.Deploy.0 = Release|Any CPU
		{2677AF6B-5543-4732-B408-4F0FF9006227}.AppStore|iPhoneSimulator.ActiveCfg = Release|Any CPU
		{2677AF6B-5543-4732-B408-4F0FF9006227}.AppStore|iPhoneSimulator.Build.0 = Release|Any CPU
		{2677AF6B-5543-4732-B408-4F0FF9006227}.AppStore|iPhoneSimulator.Deploy.0 = Release|Any CPU
		{2677AF6B-5543-4732-B408-4F0FF9006227}.AppStore|x86.ActiveCfg = Release|x86
		{2677AF6B-5543-4732-B408-4F0FF9006227}.AppStore|x86.Build.0 = Release|x86
		{2677AF6B-5543-4732-B408-4F0FF9006227}.AppStore|x86.Deploy.0 = Release|x86
		{2677AF6B-5543-4732-B408-4F0FF9006227}.Debug|Any CPU.ActiveCfg = Debug|Any CPU
		{2677AF6B-5543-4732-B408-4F0FF9006227}.Debug|Any CPU.Build.0 = Debug|Any CPU
		{2677AF6B-5543-4732-B408-4F0FF9006227}.Debug|Any CPU.Deploy.0 = Debug|Any CPU
		{2677AF6B-5543-4732-B408-4F0FF9006227}.Debug|ARM.ActiveCfg = Debug|ARM
		{2677AF6B-5543-4732-B408-4F0FF9006227}.Debug|ARM.Build.0 = Debug|ARM
		{2677AF6B-5543-4732-B408-4F0FF9006227}.Debug|ARM.Deploy.0 = Debug|ARM
		{2677AF6B-5543-4732-B408-4F0FF9006227}.Debug|iPhone.ActiveCfg = Debug|Any CPU
		{2677AF6B-5543-4732-B408-4F0FF9006227}.Debug|iPhone.Build.0 = Debug|Any CPU
		{2677AF6B-5543-4732-B408-4F0FF9006227}.Debug|iPhone.Deploy.0 = Debug|Any CPU
		{2677AF6B-5543-4732-B408-4F0FF9006227}.Debug|iPhoneSimulator.ActiveCfg = Debug|Any CPU
		{2677AF6B-5543-4732-B408-4F0FF9006227}.Debug|iPhoneSimulator.Build.0 = Debug|Any CPU
		{2677AF6B-5543-4732-B408-4F0FF9006227}.Debug|iPhoneSimulator.Deploy.0 = Debug|Any CPU
		{2677AF6B-5543-4732-B408-4F0FF9006227}.Debug|x86.ActiveCfg = Debug|x86
		{2677AF6B-5543-4732-B408-4F0FF9006227}.Debug|x86.Build.0 = Debug|x86
		{2677AF6B-5543-4732-B408-4F0FF9006227}.Debug|x86.Deploy.0 = Debug|x86
		{2677AF6B-5543-4732-B408-4F0FF9006227}.Release|Any CPU.ActiveCfg = Release|Any CPU
		{2677AF6B-5543-4732-B408-4F0FF9006227}.Release|Any CPU.Build.0 = Release|Any CPU
		{2677AF6B-5543-4732-B408-4F0FF9006227}.Release|Any CPU.Deploy.0 = Release|Any CPU
		{2677AF6B-5543-4732-B408-4F0FF9006227}.Release|ARM.ActiveCfg = Release|ARM
		{2677AF6B-5543-4732-B408-4F0FF9006227}.Release|ARM.Build.0 = Release|ARM
		{2677AF6B-5543-4732-B408-4F0FF9006227}.Release|ARM.Deploy.0 = Release|ARM
		{2677AF6B-5543-4732-B408-4F0FF9006227}.Release|iPhone.ActiveCfg = Release|Any CPU
		{2677AF6B-5543-4732-B408-4F0FF9006227}.Release|iPhone.Build.0 = Release|Any CPU
		{2677AF6B-5543-4732-B408-4F0FF9006227}.Release|iPhone.Deploy.0 = Release|Any CPU
		{2677AF6B-5543-4732-B408-4F0FF9006227}.Release|iPhoneSimulator.ActiveCfg = Release|Any CPU
		{2677AF6B-5543-4732-B408-4F0FF9006227}.Release|iPhoneSimulator.Build.0 = Release|Any CPU
		{2677AF6B-5543-4732-B408-4F0FF9006227}.Release|iPhoneSimulator.Deploy.0 = Release|Any CPU
		{2677AF6B-5543-4732-B408-4F0FF9006227}.Release|x86.ActiveCfg = Release|x86
		{2677AF6B-5543-4732-B408-4F0FF9006227}.Release|x86.Build.0 = Release|x86
		{2677AF6B-5543-4732-B408-4F0FF9006227}.Release|x86.Deploy.0 = Release|x86
	EndGlobalSection
	GlobalSection(SolutionProperties) = preSolution
		HideSolutionNode = FALSE
	EndGlobalSection
EndGlobal
